<Solution>
  <Folder Name="/benchmarks/">
    <Project Path="benchmarks/PostQuantum.Identity.Benchmarks/PostQuantum.Identity.Benchmarks.csproj" />
  </Folder>
  <Folder Name="/samples/">
    <Project Path="samples/PostQuantum.Identity.Demo/PostQuantum.Identity.Demo.csproj" />
    <Project Path="samples/PostQuantum.Identity.KeyTool/PostQuantum.Identity.KeyTool.csproj" />
    <Project Path="samples/PostQuantum.Identity.Mvc.Demo/PostQuantum.Identity.Mvc.Demo.csproj" />
    <Project Path="samples/PostQuantum.Identity.Verifier.Demo/PostQuantum.Identity.Verifier.Demo.csproj" />
  </Folder>
  <Folder Name="/src/">
    <Project Path="src/PostQuantum.Identity/PostQuantum.Identity.csproj" />
  </Folder>
  <Folder Name="/tests/">
    <Project Path="tests/PostQuantum.Identity.Tests/PostQuantum.Identity.Tests.csproj" />
  </Folder>
</Solution>
